
Microsoft Visual Studio Solution File, Format Version 12.00
# Visual Studio Version 17
VisualStudioVersion = 17.10.35122.118
MinimumVisualStudioVersion = 10.0.40219.1
Project("{2150E333-8FDC-42A3-9474-1A3956D46DE8}") = "APIGateway", "APIGateway", "{869B5FE7-56B3-4178-8C55-1913963B0EC6}"
EndProject
Project("{2150E333-8FDC-42A3-9474-1A3956D46DE8}") = "Services", "Services", "{147BD926-4EFA-4BB5-90C5-C82AE9AB44EE}"
EndProject
Project("{2150E333-8FDC-42A3-9474-1A3956D46DE8}") = "CategoryService", "CategoryService", "{A15C0E21-E034-4087-9441-77EEE91E0ADA}"
EndProject
Project("{2150E333-8FDC-42A3-9474-1A3956D46DE8}") = "ProductService", "ProductService", "{158D9C7D-043F-4972-81F0-957366BC7F2A}"
EndProject
Project("{2150E333-8FDC-42A3-9474-1A3956D46DE8}") = "CompanyService", "CompanyService", "{69D0175E-77E5-423C-984E-6B87309E3712}"
EndProject
Project("{2150E333-8FDC-42A3-9474-1A3956D46DE8}") = "Infrastructure.Shared", "Infrastructure.Shared", "{523CF810-926A-4F65-9033-D671FC23ECCA}"
EndProject
Project("{9A19103F-16F7-4668-BE54-9A1E7A4F7556}") = "Infrastructure.Shared", "Infrastructure.Shared\Infrastructure.Shared\Infrastructure.Shared.csproj", "{729822AF-7FCD-4C3A-A032-3ED9AA3B63D3}"
EndProject
Project("{2150E333-8FDC-42A3-9474-1A3956D46DE8}") = "CategoryService.Presentation", "CategoryService.Presentation", "{B5609646-E10B-4D53-9096-D373BAE8F2C8}"
EndProject
Project("{2150E333-8FDC-42A3-9474-1A3956D46DE8}") = "CategoryService.Application", "CategoryService.Application", "{CB1B0673-8761-46E8-99E2-61BBBA79EE83}"
EndProject
Project("{9A19103F-16F7-4668-BE54-9A1E7A4F7556}") = "CategoryService.Application", "CategoryService.Application\CategoryService.Application.csproj", "{AF581BB2-49C2-478E-9080-33DDBC00A58F}"
EndProject
Project("{2150E333-8FDC-42A3-9474-1A3956D46DE8}") = "CategoryService.Domain", "CategoryService.Domain", "{74BEA3CF-1AD4-4825-BECA-FBB2C04879E8}"
EndProject
Project("{9A19103F-16F7-4668-BE54-9A1E7A4F7556}") = "CategoryService.Domain", "CategoryService.DataAccess\CategoryService.Domain.csproj", "{30C194F4-D1D7-4A3B-BFCD-49A91DDE55F1}"
EndProject
Project("{2150E333-8FDC-42A3-9474-1A3956D46DE8}") = "CategoryServices.Infrastructure", "CategoryServices.Infrastructure", "{29A7243F-4BAB-4D8E-B6EF-709200050E4D}"
EndProject
Project("{9A19103F-16F7-4668-BE54-9A1E7A4F7556}") = "CategoryServices.Infrastructure", "CategoryServices.Infrastructure\CategoryServices.Infrastructure.csproj", "{252B9142-737F-4DA0-AAB8-2981E9DD13B8}"
EndProject
Project("{9A19103F-16F7-4668-BE54-9A1E7A4F7556}") = "CategoryService.Presentation", "CategoryService.Presentation\CategoryService.Presentation.csproj", "{5AAA71F8-193D-4E20-92A2-E379DF39E576}"
EndProject
Project("{9A19103F-16F7-4668-BE54-9A1E7A4F7556}") = "APIGateway", "APIGateway\APIGateway.csproj", "{54D4D25D-1229-41C9-8AEB-B9195A986F85}"
EndProject
Project("{2150E333-8FDC-42A3-9474-1A3956D46DE8}") = "ProductService.Application", "ProductService.Application", "{7AC3D904-3F9C-4FE8-98D8-7FFAFF80BC64}"
EndProject
Project("{2150E333-8FDC-42A3-9474-1A3956D46DE8}") = "ProductService.Domain", "ProductService.Domain", "{C1400F91-5209-4607-B9FC-52F1891AFE7C}"
EndProject
Project("{2150E333-8FDC-42A3-9474-1A3956D46DE8}") = "ProductService.Infrastructure", "ProductService.Infrastructure", "{96B8F2DB-6642-41E3-B2A1-997FEBBE418F}"
EndProject
Project("{2150E333-8FDC-42A3-9474-1A3956D46DE8}") = "ProductService.Presentation", "ProductService.Presentation", "{FC5A15E6-4007-4A85-8C75-EB4966EB7F9E}"
EndProject
Project("{FAE04EC0-301F-11D3-BF4B-00C04F79EFBC}") = "ProductService.Domain", "ProductService.Domain\ProductService.Domain.csproj", "{827E5DD6-1E50-4688-A5AF-54884E7AF102}"
EndProject
Project("{FAE04EC0-301F-11D3-BF4B-00C04F79EFBC}") = "ProductService.Infrastructure", "ProductService.Infrastructure\ProductService.Infrastructure.csproj", "{E439089C-45A5-48D7-8FE9-D04A40ECBB10}"
EndProject
Project("{FAE04EC0-301F-11D3-BF4B-00C04F79EFBC}") = "ProductService.Application", "ProductService.Application\ProductService.Application.csproj", "{D0C96B53-109A-4B23-8319-A28A9DF97B00}"
EndProject
Project("{FAE04EC0-301F-11D3-BF4B-00C04F79EFBC}") = "ProductService", "ProductService\ProductService.csproj", "{8474FAD6-DC96-4995-AE89-220B0CE3EA3F}"
EndProject
Project("{2150E333-8FDC-42A3-9474-1A3956D46DE8}") = "AuthenticationService", "AuthenticationService", "{A756C4C4-DC71-4868-B60A-72A77F0693DE}"
EndProject
Project("{FAE04EC0-301F-11D3-BF4B-00C04F79EFBC}") = "AuthenticationService", "AuthenticationService\AuthenticationService.csproj", "{8F76A8FC-8BD7-44B8-AA7D-70C65788FA65}"
EndProject
Project("{2150E333-8FDC-42A3-9474-1A3956D46DE8}") = "CompanyService.Application", "CompanyService.Application", "{A77A3946-C065-4B7B-BDD2-9834923F86C2}"
EndProject
Project("{2150E333-8FDC-42A3-9474-1A3956D46DE8}") = "CompanyService.Domain", "CompanyService.Domain", "{105AE8CE-0D5A-4B8C-837B-7D22E38FF046}"
EndProject
Project("{2150E333-8FDC-42A3-9474-1A3956D46DE8}") = "CompanyService.Presentation", "CompanyService.Presentation", "{5471D772-B51D-4F4B-A0C8-B1B214D2497A}"
EndProject
Project("{2150E333-8FDC-42A3-9474-1A3956D46DE8}") = "CompanyService.Infrastructure", "CompanyService.Infrastructure", "{5A80B159-8CE1-4D12-800D-2BFAD2B47449}"
EndProject
Project("{FAE04EC0-301F-11D3-BF4B-00C04F79EFBC}") = "CompanyService.Application", "CompanyService.Application\CompanyService.Application.csproj", "{4D09FF82-588A-4942-B797-B54EEEF7B085}"
EndProject
Project("{FAE04EC0-301F-11D3-BF4B-00C04F79EFBC}") = "CompanyService.Domain", "CompanyService.Domain\CompanyService.Domain.csproj", "{495DA189-111F-4C28-AD8F-97B3D6A71507}"
EndProject
Project("{FAE04EC0-301F-11D3-BF4B-00C04F79EFBC}") = "CompanyService.Infrastructure", "CompanyService.Infrastructure\CompanyService.Infrastructure.csproj", "{88CBC328-D18A-4DBE-97E0-7AAAF3395202}"
EndProject
Project("{FAE04EC0-301F-11D3-BF4B-00C04F79EFBC}") = "CompanyService", "CompanyService\CompanyService.csproj", "{F0DED2A9-F36A-4450-B2DF-A6936BDFE0C8}"
EndProject
Global
	GlobalSection(SolutionConfigurationPlatforms) = preSolution
		Debug|Any CPU = Debug|Any CPU
		Release|Any CPU = Release|Any CPU
	EndGlobalSection
	GlobalSection(ProjectConfigurationPlatforms) = postSolution
		{729822AF-7FCD-4C3A-A032-3ED9AA3B63D3}.Debug|Any CPU.ActiveCfg = Debug|Any CPU
		{729822AF-7FCD-4C3A-A032-3ED9AA3B63D3}.Debug|Any CPU.Build.0 = Debug|Any CPU
		{729822AF-7FCD-4C3A-A032-3ED9AA3B63D3}.Release|Any CPU.ActiveCfg = Release|Any CPU
		{729822AF-7FCD-4C3A-A032-3ED9AA3B63D3}.Release|Any CPU.Build.0 = Release|Any CPU
		{AF581BB2-49C2-478E-9080-33DDBC00A58F}.Debug|Any CPU.ActiveCfg = Debug|Any CPU
		{AF581BB2-49C2-478E-9080-33DDBC00A58F}.Debug|Any CPU.Build.0 = Debug|Any CPU
		{AF581BB2-49C2-478E-9080-33DDBC00A58F}.Release|Any CPU.ActiveCfg = Release|Any CPU
		{AF581BB2-49C2-478E-9080-33DDBC00A58F}.Release|Any CPU.Build.0 = Release|Any CPU
		{30C194F4-D1D7-4A3B-BFCD-49A91DDE55F1}.Debug|Any CPU.ActiveCfg = Debug|Any CPU
		{30C194F4-D1D7-4A3B-BFCD-49A91DDE55F1}.Debug|Any CPU.Build.0 = Debug|Any CPU
		{30C194F4-D1D7-4A3B-BFCD-49A91DDE55F1}.Release|Any CPU.ActiveCfg = Release|Any CPU
		{30C194F4-D1D7-4A3B-BFCD-49A91DDE55F1}.Release|Any CPU.Build.0 = Release|Any CPU
		{252B9142-737F-4DA0-AAB8-2981E9DD13B8}.Debug|Any CPU.ActiveCfg = Debug|Any CPU
		{252B9142-737F-4DA0-AAB8-2981E9DD13B8}.Debug|Any CPU.Build.0 = Debug|Any CPU
		{252B9142-737F-4DA0-AAB8-2981E9DD13B8}.Release|Any CPU.ActiveCfg = Release|Any CPU
		{252B9142-737F-4DA0-AAB8-2981E9DD13B8}.Release|Any CPU.Build.0 = Release|Any CPU
		{5AAA71F8-193D-4E20-92A2-E379DF39E576}.Debug|Any CPU.ActiveCfg = Debug|Any CPU
		{5AAA71F8-193D-4E20-92A2-E379DF39E576}.Debug|Any CPU.Build.0 = Debug|Any CPU
		{5AAA71F8-193D-4E20-92A2-E379DF39E576}.Release|Any CPU.ActiveCfg = Release|Any CPU
		{5AAA71F8-193D-4E20-92A2-E379DF39E576}.Release|Any CPU.Build.0 = Release|Any CPU
		{54D4D25D-1229-41C9-8AEB-B9195A986F85}.Debug|Any CPU.ActiveCfg = Debug|Any CPU
		{54D4D25D-1229-41C9-8AEB-B9195A986F85}.Debug|Any CPU.Build.0 = Debug|Any CPU
		{54D4D25D-1229-41C9-8AEB-B9195A986F85}.Release|Any CPU.ActiveCfg = Release|Any CPU
		{54D4D25D-1229-41C9-8AEB-B9195A986F85}.Release|Any CPU.Build.0 = Release|Any CPU
		{827E5DD6-1E50-4688-A5AF-54884E7AF102}.Debug|Any CPU.ActiveCfg = Debug|Any CPU
		{827E5DD6-1E50-4688-A5AF-54884E7AF102}.Debug|Any CPU.Build.0 = Debug|Any CPU
		{827E5DD6-1E50-4688-A5AF-54884E7AF102}.Release|Any CPU.ActiveCfg = Release|Any CPU
		{827E5DD6-1E50-4688-A5AF-54884E7AF102}.Release|Any CPU.Build.0 = Release|Any CPU
		{E439089C-45A5-48D7-8FE9-D04A40ECBB10}.Debug|Any CPU.ActiveCfg = Debug|Any CPU
		{E439089C-45A5-48D7-8FE9-D04A40ECBB10}.Debug|Any CPU.Build.0 = Debug|Any CPU
		{E439089C-45A5-48D7-8FE9-D04A40ECBB10}.Release|Any CPU.ActiveCfg = Release|Any CPU
		{E439089C-45A5-48D7-8FE9-D04A40ECBB10}.Release|Any CPU.Build.0 = Release|Any CPU
		{D0C96B53-109A-4B23-8319-A28A9DF97B00}.Debug|Any CPU.ActiveCfg = Debug|Any CPU
		{D0C96B53-109A-4B23-8319-A28A9DF97B00}.Debug|Any CPU.Build.0 = Debug|Any CPU
		{D0C96B53-109A-4B23-8319-A28A9DF97B00}.Release|Any CPU.ActiveCfg = Release|Any CPU
		{D0C96B53-109A-4B23-8319-A28A9DF97B00}.Release|Any CPU.Build.0 = Release|Any CPU
		{8474FAD6-DC96-4995-AE89-220B0CE3EA3F}.Debug|Any CPU.ActiveCfg = Debug|Any CPU
		{8474FAD6-DC96-4995-AE89-220B0CE3EA3F}.Debug|Any CPU.Build.0 = Debug|Any CPU
		{8474FAD6-DC96-4995-AE89-220B0CE3EA3F}.Release|Any CPU.ActiveCfg = Release|Any CPU
		{8474FAD6-DC96-4995-AE89-220B0CE3EA3F}.Release|Any CPU.Build.0 = Release|Any CPU
		{8F76A8FC-8BD7-44B8-AA7D-70C65788FA65}.Debug|Any CPU.ActiveCfg = Debug|Any CPU
		{8F76A8FC-8BD7-44B8-AA7D-70C65788FA65}.Debug|Any CPU.Build.0 = Debug|Any CPU
		{8F76A8FC-8BD7-44B8-AA7D-70C65788FA65}.Release|Any CPU.ActiveCfg = Release|Any CPU
		{8F76A8FC-8BD7-44B8-AA7D-70C65788FA65}.Release|Any CPU.Build.0 = Release|Any CPU
		{4D09FF82-588A-4942-B797-B54EEEF7B085}.Debug|Any CPU.ActiveCfg = Debug|Any CPU
		{4D09FF82-588A-4942-B797-B54EEEF7B085}.Debug|Any CPU.Build.0 = Debug|Any CPU
		{4D09FF82-588A-4942-B797-B54EEEF7B085}.Release|Any CPU.ActiveCfg = Release|Any CPU
		{4D09FF82-588A-4942-B797-B54EEEF7B085}.Release|Any CPU.Build.0 = Release|Any CPU
		{495DA189-111F-4C28-AD8F-97B3D6A71507}.Debug|Any CPU.ActiveCfg = Debug|Any CPU
		{495DA189-111F-4C28-AD8F-97B3D6A71507}.Debug|Any CPU.Build.0 = Debug|Any CPU
		{495DA189-111F-4C28-AD8F-97B3D6A71507}.Release|Any CPU.ActiveCfg = Release|Any CPU
		{495DA189-111F-4C28-AD8F-97B3D6A71507}.Release|Any CPU.Build.0 = Release|Any CPU
		{88CBC328-D18A-4DBE-97E0-7AAAF3395202}.Debug|Any CPU.ActiveCfg = Debug|Any CPU
		{88CBC328-D18A-4DBE-97E0-7AAAF3395202}.Debug|Any CPU.Build.0 = Debug|Any CPU
		{88CBC328-D18A-4DBE-97E0-7AAAF3395202}.Release|Any CPU.ActiveCfg = Release|Any CPU
		{88CBC328-D18A-4DBE-97E0-7AAAF3395202}.Release|Any CPU.Build.0 = Release|Any CPU
		{F0DED2A9-F36A-4450-B2DF-A6936BDFE0C8}.Debug|Any CPU.ActiveCfg = Debug|Any CPU
		{F0DED2A9-F36A-4450-B2DF-A6936BDFE0C8}.Debug|Any CPU.Build.0 = Debug|Any CPU
		{F0DED2A9-F36A-4450-B2DF-A6936BDFE0C8}.Release|Any CPU.ActiveCfg = Release|Any CPU
		{F0DED2A9-F36A-4450-B2DF-A6936BDFE0C8}.Release|Any CPU.Build.0 = Release|Any CPU
	EndGlobalSection
	GlobalSection(SolutionProperties) = preSolution
		HideSolutionNode = FALSE
	EndGlobalSection
	GlobalSection(NestedProjects) = preSolution
		{A15C0E21-E034-4087-9441-77EEE91E0ADA} = {147BD926-4EFA-4BB5-90C5-C82AE9AB44EE}
		{158D9C7D-043F-4972-81F0-957366BC7F2A} = {147BD926-4EFA-4BB5-90C5-C82AE9AB44EE}
		{69D0175E-77E5-423C-984E-6B87309E3712} = {147BD926-4EFA-4BB5-90C5-C82AE9AB44EE}
		{729822AF-7FCD-4C3A-A032-3ED9AA3B63D3} = {523CF810-926A-4F65-9033-D671FC23ECCA}
		{B5609646-E10B-4D53-9096-D373BAE8F2C8} = {A15C0E21-E034-4087-9441-77EEE91E0ADA}
		{CB1B0673-8761-46E8-99E2-61BBBA79EE83} = {A15C0E21-E034-4087-9441-77EEE91E0ADA}
		{AF581BB2-49C2-478E-9080-33DDBC00A58F} = {CB1B0673-8761-46E8-99E2-61BBBA79EE83}
		{74BEA3CF-1AD4-4825-BECA-FBB2C04879E8} = {A15C0E21-E034-4087-9441-77EEE91E0ADA}
		{30C194F4-D1D7-4A3B-BFCD-49A91DDE55F1} = {74BEA3CF-1AD4-4825-BECA-FBB2C04879E8}
		{29A7243F-4BAB-4D8E-B6EF-709200050E4D} = {A15C0E21-E034-4087-9441-77EEE91E0ADA}
		{252B9142-737F-4DA0-AAB8-2981E9DD13B8} = {29A7243F-4BAB-4D8E-B6EF-709200050E4D}
		{5AAA71F8-193D-4E20-92A2-E379DF39E576} = {B5609646-E10B-4D53-9096-D373BAE8F2C8}
		{54D4D25D-1229-41C9-8AEB-B9195A986F85} = {869B5FE7-56B3-4178-8C55-1913963B0EC6}
		{7AC3D904-3F9C-4FE8-98D8-7FFAFF80BC64} = {158D9C7D-043F-4972-81F0-957366BC7F2A}
		{C1400F91-5209-4607-B9FC-52F1891AFE7C} = {158D9C7D-043F-4972-81F0-957366BC7F2A}
		{96B8F2DB-6642-41E3-B2A1-997FEBBE418F} = {158D9C7D-043F-4972-81F0-957366BC7F2A}
		{FC5A15E6-4007-4A85-8C75-EB4966EB7F9E} = {158D9C7D-043F-4972-81F0-957366BC7F2A}
		{827E5DD6-1E50-4688-A5AF-54884E7AF102} = {C1400F91-5209-4607-B9FC-52F1891AFE7C}
		{E439089C-45A5-48D7-8FE9-D04A40ECBB10} = {96B8F2DB-6642-41E3-B2A1-997FEBBE418F}
		{D0C96B53-109A-4B23-8319-A28A9DF97B00} = {7AC3D904-3F9C-4FE8-98D8-7FFAFF80BC64}
		{8474FAD6-DC96-4995-AE89-220B0CE3EA3F} = {FC5A15E6-4007-4A85-8C75-EB4966EB7F9E}
		{A756C4C4-DC71-4868-B60A-72A77F0693DE} = {147BD926-4EFA-4BB5-90C5-C82AE9AB44EE}
		{8F76A8FC-8BD7-44B8-AA7D-70C65788FA65} = {A756C4C4-DC71-4868-B60A-72A77F0693DE}
		{A77A3946-C065-4B7B-BDD2-9834923F86C2} = {69D0175E-77E5-423C-984E-6B87309E3712}
		{105AE8CE-0D5A-4B8C-837B-7D22E38FF046} = {69D0175E-77E5-423C-984E-6B87309E3712}
		{5471D772-B51D-4F4B-A0C8-B1B214D2497A} = {69D0175E-77E5-423C-984E-6B87309E3712}
		{5A80B159-8CE1-4D12-800D-2BFAD2B47449} = {69D0175E-77E5-423C-984E-6B87309E3712}
		{4D09FF82-588A-4942-B797-B54EEEF7B085} = {A77A3946-C065-4B7B-BDD2-9834923F86C2}
		{495DA189-111F-4C28-AD8F-97B3D6A71507} = {105AE8CE-0D5A-4B8C-837B-7D22E38FF046}
		{88CBC328-D18A-4DBE-97E0-7AAAF3395202} = {5A80B159-8CE1-4D12-800D-2BFAD2B47449}
		{F0DED2A9-F36A-4450-B2DF-A6936BDFE0C8} = {5471D772-B51D-4F4B-A0C8-B1B214D2497A}
	EndGlobalSection
	GlobalSection(ExtensibilityGlobals) = postSolution
		SolutionGuid = {F9E9C724-3F8C-440F-8F28-8585289226F2}
	EndGlobalSection
EndGlobal
